{
  "name": "@neabyte/git-smart",
  "version": "1.0.0",
  "lockfileVersion": 3,
  "requires": true,
  "packages": {
    "": {
      "name": "@neabyte/git-smart",
      "version": "1.0.0",
      "license": "MIT",
      "os": [
        "darwin",
        "linux",
        "win32"
      ],
      "bin": {
        "git-smart": "bin/git-smart.js"
      },
      "devDependencies": {},
      "engines": {
        "node": ">=14.0.0"
      }
    }
  }
}
